
Microsoft Visual Studio Solution File, Format Version 12.00
# Visual Studio 15
VisualStudioVersion = 15.0.27130.2010
MinimumVisualStudioVersion = 10.0.40219.1
Project("{FAE04EC0-301F-11D3-BF4B-00C04F79EFBC}") = "Gyakorlas_1007", "Gyakorlas_1007\Gyakorlas_1007.csproj", "{09285EA7-5C2F-4DC2-910E-ED2BE7E4E860}"
EndProject
Global
	GlobalSection(SolutionConfigurationPlatforms) = preSolution
		Debug|Any CPU = Debug|Any CPU
		Release|Any CPU = Release|Any CPU
	EndGlobalSection
	GlobalSection(ProjectConfigurationPlatforms) = postSolution
		{09285EA7-5C2F-4DC2-910E-ED2BE7E4E860}.Debug|Any CPU.ActiveCfg = Debug|Any CPU
		{09285EA7-5C2F-4DC2-910E-ED2BE7E4E860}.Debug|Any CPU.Build.0 = Debug|Any CPU
		{09285EA7-5C2F-4DC2-910E-ED2BE7E4E860}.Release|Any CPU.ActiveCfg = Release|Any CPU
		{09285EA7-5C2F-4DC2-910E-ED2BE7E4E860}.Release|Any CPU.Build.0 = Release|Any CPU
	EndGlobalSection
	GlobalSection(SolutionProperties) = preSolution
		HideSolutionNode = FALSE
	EndGlobalSection
	GlobalSection(ExtensibilityGlobals) = postSolution
		SolutionGuid = {D0FC834B-8C16-4EA5-9B6D-21B99542CD59}
	EndGlobalSection
EndGlobal
