
Microsoft Visual Studio Solution File, Format Version 12.00
# Visual Studio 15
VisualStudioVersion = 15.0.28307.421
MinimumVisualStudioVersion = 10.0.40219.1
Project("{FAE04EC0-301F-11D3-BF4B-00C04F79EFBC}") = "Emelt_1710", "Emelt_1710\Emelt_1710.csproj", "{F28A9AD6-7A06-4A72-99AB-1571276A8662}"
EndProject
Global
	GlobalSection(SolutionConfigurationPlatforms) = preSolution
		Debug|Any CPU = Debug|Any CPU
		Release|Any CPU = Release|Any CPU
	EndGlobalSection
	GlobalSection(ProjectConfigurationPlatforms) = postSolution
		{F28A9AD6-7A06-4A72-99AB-1571276A8662}.Debug|Any CPU.ActiveCfg = Debug|Any CPU
		{F28A9AD6-7A06-4A72-99AB-1571276A8662}.Debug|Any CPU.Build.0 = Debug|Any CPU
		{F28A9AD6-7A06-4A72-99AB-1571276A8662}.Release|Any CPU.ActiveCfg = Release|Any CPU
		{F28A9AD6-7A06-4A72-99AB-1571276A8662}.Release|Any CPU.Build.0 = Release|Any CPU
	EndGlobalSection
	GlobalSection(SolutionProperties) = preSolution
		HideSolutionNode = FALSE
	EndGlobalSection
	GlobalSection(ExtensibilityGlobals) = postSolution
		SolutionGuid = {B2357B06-1D88-413F-83D6-3ED3CEF06EBD}
	EndGlobalSection
EndGlobal
