
Microsoft Visual Studio Solution File, Format Version 12.00
# Visual Studio 15
VisualStudioVersion = 15.0.27130.2010
MinimumVisualStudioVersion = 10.0.40219.1
Project("{FAE04EC0-301F-11D3-BF4B-00C04F79EFBC}") = "GUI", "GUI\GUI.csproj", "{6FDCA585-F98F-44B3-9E1D-C377CE5A9609}"
EndProject
Global
	GlobalSection(SolutionConfigurationPlatforms) = preSolution
		Debug|Any CPU = Debug|Any CPU
		Release|Any CPU = Release|Any CPU
	EndGlobalSection
	GlobalSection(ProjectConfigurationPlatforms) = postSolution
		{6FDCA585-F98F-44B3-9E1D-C377CE5A9609}.Debug|Any CPU.ActiveCfg = Debug|Any CPU
		{6FDCA585-F98F-44B3-9E1D-C377CE5A9609}.Debug|Any CPU.Build.0 = Debug|Any CPU
		{6FDCA585-F98F-44B3-9E1D-C377CE5A9609}.Release|Any CPU.ActiveCfg = Release|Any CPU
		{6FDCA585-F98F-44B3-9E1D-C377CE5A9609}.Release|Any CPU.Build.0 = Release|Any CPU
	EndGlobalSection
	GlobalSection(SolutionProperties) = preSolution
		HideSolutionNode = FALSE
	EndGlobalSection
	GlobalSection(ExtensibilityGlobals) = postSolution
		SolutionGuid = {B46CA60F-CBFB-4B8A-9AD9-E42C20CC82A9}
	EndGlobalSection
EndGlobal
