
Microsoft Visual Studio Solution File, Format Version 12.00
Project("{FAE04EC0-301F-11D3-BF4B-00C04F79EFBC}") = "Beadandó_200417", "Beadandó_200417\Beadandó_200417.csproj", "{6B2F3342-DE82-451E-B78A-73E9BE55C130}"
EndProject
Global
	GlobalSection(SolutionConfigurationPlatforms) = preSolution
		Debug|Any CPU = Debug|Any CPU
		Release|Any CPU = Release|Any CPU
	EndGlobalSection
	GlobalSection(ProjectConfigurationPlatforms) = postSolution
		{6B2F3342-DE82-451E-B78A-73E9BE55C130}.Debug|Any CPU.ActiveCfg = Debug|Any CPU
		{6B2F3342-DE82-451E-B78A-73E9BE55C130}.Debug|Any CPU.Build.0 = Debug|Any CPU
		{6B2F3342-DE82-451E-B78A-73E9BE55C130}.Release|Any CPU.ActiveCfg = Release|Any CPU
		{6B2F3342-DE82-451E-B78A-73E9BE55C130}.Release|Any CPU.Build.0 = Release|Any CPU
	EndGlobalSection
EndGlobal
