
Microsoft Visual Studio Solution File, Format Version 12.00
# Visual Studio 15
VisualStudioVersion = 15.0.28307.421
MinimumVisualStudioVersion = 10.0.40219.1
Project("{FAE04EC0-301F-11D3-BF4B-00C04F79EFBC}") = "GyakorlasDolgozatra_0923", "GyakorlasDolgozatra_0923\GyakorlasDolgozatra_0923.csproj", "{AE1FAB43-C635-4B9F-8D2A-50E530BADCFB}"
EndProject
Global
	GlobalSection(SolutionConfigurationPlatforms) = preSolution
		Debug|Any CPU = Debug|Any CPU
		Release|Any CPU = Release|Any CPU
	EndGlobalSection
	GlobalSection(ProjectConfigurationPlatforms) = postSolution
		{AE1FAB43-C635-4B9F-8D2A-50E530BADCFB}.Debug|Any CPU.ActiveCfg = Debug|Any CPU
		{AE1FAB43-C635-4B9F-8D2A-50E530BADCFB}.Debug|Any CPU.Build.0 = Debug|Any CPU
		{AE1FAB43-C635-4B9F-8D2A-50E530BADCFB}.Release|Any CPU.ActiveCfg = Release|Any CPU
		{AE1FAB43-C635-4B9F-8D2A-50E530BADCFB}.Release|Any CPU.Build.0 = Release|Any CPU
	EndGlobalSection
	GlobalSection(SolutionProperties) = preSolution
		HideSolutionNode = FALSE
	EndGlobalSection
	GlobalSection(ExtensibilityGlobals) = postSolution
		SolutionGuid = {59A7DA32-0BC1-4DB5-B6A5-106C8225AE8A}
	EndGlobalSection
EndGlobal
