
Microsoft Visual Studio Solution File, Format Version 12.00
# Visual Studio 15
VisualStudioVersion = 15.0.28307.421
MinimumVisualStudioVersion = 10.0.40219.1
Project("{FAE04EC0-301F-11D3-BF4B-00C04F79EFBC}") = "B_Csoport", "B_Csoport\B_Csoport.csproj", "{12DC1112-FA22-4579-8F41-6D0772882174}"
EndProject
Global
	GlobalSection(SolutionConfigurationPlatforms) = preSolution
		Debug|Any CPU = Debug|Any CPU
		Release|Any CPU = Release|Any CPU
	EndGlobalSection
	GlobalSection(ProjectConfigurationPlatforms) = postSolution
		{12DC1112-FA22-4579-8F41-6D0772882174}.Debug|Any CPU.ActiveCfg = Debug|Any CPU
		{12DC1112-FA22-4579-8F41-6D0772882174}.Debug|Any CPU.Build.0 = Debug|Any CPU
		{12DC1112-FA22-4579-8F41-6D0772882174}.Release|Any CPU.ActiveCfg = Release|Any CPU
		{12DC1112-FA22-4579-8F41-6D0772882174}.Release|Any CPU.Build.0 = Release|Any CPU
	EndGlobalSection
	GlobalSection(SolutionProperties) = preSolution
		HideSolutionNode = FALSE
	EndGlobalSection
	GlobalSection(ExtensibilityGlobals) = postSolution
		SolutionGuid = {912A21AE-9FE4-46B4-8579-E61D4EC49D5F}
	EndGlobalSection
EndGlobal
