
Microsoft Visual Studio Solution File, Format Version 12.00
# Visual Studio 15
VisualStudioVersion = 15.0.27130.2010
MinimumVisualStudioVersion = 10.0.40219.1
Project("{FAE04EC0-301F-11D3-BF4B-00C04F79EFBC}") = "masodik", "masodik\masodik.csproj", "{1D65F9F2-5786-4E33-89BC-3B264C28423C}"
EndProject
Global
	GlobalSection(SolutionConfigurationPlatforms) = preSolution
		Debug|Any CPU = Debug|Any CPU
		Release|Any CPU = Release|Any CPU
	EndGlobalSection
	GlobalSection(ProjectConfigurationPlatforms) = postSolution
		{1D65F9F2-5786-4E33-89BC-3B264C28423C}.Debug|Any CPU.ActiveCfg = Debug|Any CPU
		{1D65F9F2-5786-4E33-89BC-3B264C28423C}.Debug|Any CPU.Build.0 = Debug|Any CPU
		{1D65F9F2-5786-4E33-89BC-3B264C28423C}.Release|Any CPU.ActiveCfg = Release|Any CPU
		{1D65F9F2-5786-4E33-89BC-3B264C28423C}.Release|Any CPU.Build.0 = Release|Any CPU
	EndGlobalSection
	GlobalSection(SolutionProperties) = preSolution
		HideSolutionNode = FALSE
	EndGlobalSection
	GlobalSection(ExtensibilityGlobals) = postSolution
		SolutionGuid = {AA4A2535-A0C6-4AEC-A899-2FA57A8BBC31}
	EndGlobalSection
EndGlobal
