
Microsoft Visual Studio Solution File, Format Version 12.00
# Visual Studio 15
VisualStudioVersion = 15.0.27130.2010
MinimumVisualStudioVersion = 10.0.40219.1
Project("{FAE04EC0-301F-11D3-BF4B-00C04F79EFBC}") = "Linq", "Linq\Linq.csproj", "{FA43F3FB-0787-44EB-80A3-AD1CE1002B9F}"
EndProject
Global
	GlobalSection(SolutionConfigurationPlatforms) = preSolution
		Debug|Any CPU = Debug|Any CPU
		Release|Any CPU = Release|Any CPU
	EndGlobalSection
	GlobalSection(ProjectConfigurationPlatforms) = postSolution
		{FA43F3FB-0787-44EB-80A3-AD1CE1002B9F}.Debug|Any CPU.ActiveCfg = Debug|Any CPU
		{FA43F3FB-0787-44EB-80A3-AD1CE1002B9F}.Debug|Any CPU.Build.0 = Debug|Any CPU
		{FA43F3FB-0787-44EB-80A3-AD1CE1002B9F}.Release|Any CPU.ActiveCfg = Release|Any CPU
		{FA43F3FB-0787-44EB-80A3-AD1CE1002B9F}.Release|Any CPU.Build.0 = Release|Any CPU
	EndGlobalSection
	GlobalSection(SolutionProperties) = preSolution
		HideSolutionNode = FALSE
	EndGlobalSection
	GlobalSection(ExtensibilityGlobals) = postSolution
		SolutionGuid = {1F7CC757-4845-48B3-8F57-5DE48A66A03E}
	EndGlobalSection
EndGlobal
