
Microsoft Visual Studio Solution File, Format Version 12.00
# Visual Studio 15
VisualStudioVersion = 15.0.27130.2010
MinimumVisualStudioVersion = 10.0.40219.1
Project("{FAE04EC0-301F-11D3-BF4B-00C04F79EFBC}") = "Harmadik", "Harmadik\Harmadik.csproj", "{47458E06-7DA3-4005-B88B-C08E4AF6705D}"
EndProject
Global
	GlobalSection(SolutionConfigurationPlatforms) = preSolution
		Debug|Any CPU = Debug|Any CPU
		Release|Any CPU = Release|Any CPU
	EndGlobalSection
	GlobalSection(ProjectConfigurationPlatforms) = postSolution
		{47458E06-7DA3-4005-B88B-C08E4AF6705D}.Debug|Any CPU.ActiveCfg = Debug|Any CPU
		{47458E06-7DA3-4005-B88B-C08E4AF6705D}.Debug|Any CPU.Build.0 = Debug|Any CPU
		{47458E06-7DA3-4005-B88B-C08E4AF6705D}.Release|Any CPU.ActiveCfg = Release|Any CPU
		{47458E06-7DA3-4005-B88B-C08E4AF6705D}.Release|Any CPU.Build.0 = Release|Any CPU
	EndGlobalSection
	GlobalSection(SolutionProperties) = preSolution
		HideSolutionNode = FALSE
	EndGlobalSection
	GlobalSection(ExtensibilityGlobals) = postSolution
		SolutionGuid = {647B3438-D3FC-4F1F-9011-5733ECB0674A}
	EndGlobalSection
EndGlobal
